
Microsoft Visual Studio Solution File, Format Version 12.00
# Visual Studio Version 16
VisualStudioVersion = 16.0.30225.117
MinimumVisualStudioVersion = 10.0.40219.1
Project("{FAE04EC0-301F-11D3-BF4B-00C04F79EFBC}") = "App1.UWP", "App1\App1.UWP\App1.UWP.csproj", "{6AA29AA1-B613-46F1-83BE-25F6C610AB44}"
	ProjectSection(ProjectDependencies) = postProject
		{EE82E495-26E5-4793-BDD1-1EDF10A099E3} = {EE82E495-26E5-4793-BDD1-1EDF10A099E3}
	EndProjectSection
EndProject
Project("{FAE04EC0-301F-11D3-BF4B-00C04F79EFBC}") = "App1.Android", "App1\App1.Android\App1.Android.csproj", "{2B2F17D7-A61D-42B0-A11C-3473053F4E4A}"
EndProject
Project("{FAE04EC0-301F-11D3-BF4B-00C04F79EFBC}") = "App1.iOS", "App1\App1.iOS\App1.iOS.csproj", "{BB0EB4C7-3466-4DD5-9F79-90F554D4843A}"
EndProject
Project("{9A19103F-16F7-4668-BE54-9A1E7A4F7556}") = "App1", "App1\App1\App1.csproj", "{A42CB3A7-68AD-4968-82D5-71109F1F57B7}"
EndProject
Project("{9A19103F-16F7-4668-BE54-9A1E7A4F7556}") = "ClassLibrary1", "ClassLibrary1\ClassLibrary1.csproj", "{06EF9392-285C-44B7-9046-C1171DED485A}"
EndProject
Project("{FAE04EC0-301F-11D3-BF4B-00C04F79EFBC}") = "SystrayComponent", "App1\SystrayComponent\SystrayComponent.csproj", "{EE82E495-26E5-4793-BDD1-1EDF10A099E3}"
EndProject
Global
	GlobalSection(SolutionConfigurationPlatforms) = preSolution
		Debug|Any CPU = Debug|Any CPU
		Debug|ARM = Debug|ARM
		Debug|iPhone = Debug|iPhone
		Debug|iPhoneSimulator = Debug|iPhoneSimulator
		Debug|x64 = Debug|x64
		Debug|x86 = Debug|x86
		Release|Any CPU = Release|Any CPU
		Release|ARM = Release|ARM
		Release|iPhone = Release|iPhone
		Release|iPhoneSimulator = Release|iPhoneSimulator
		Release|x64 = Release|x64
		Release|x86 = Release|x86
	EndGlobalSection
	GlobalSection(ProjectConfigurationPlatforms) = postSolution
		{6AA29AA1-B613-46F1-83BE-25F6C610AB44}.Debug|Any CPU.ActiveCfg = Debug|x86
		{6AA29AA1-B613-46F1-83BE-25F6C610AB44}.Debug|Any CPU.Build.0 = Debug|x86
		{6AA29AA1-B613-46F1-83BE-25F6C610AB44}.Debug|Any CPU.Deploy.0 = Debug|x86
		{6AA29AA1-B613-46F1-83BE-25F6C610AB44}.Debug|ARM.ActiveCfg = Debug|ARM
		{6AA29AA1-B613-46F1-83BE-25F6C610AB44}.Debug|ARM.Build.0 = Debug|ARM
		{6AA29AA1-B613-46F1-83BE-25F6C610AB44}.Debug|ARM.Deploy.0 = Debug|ARM
		{6AA29AA1-B613-46F1-83BE-25F6C610AB44}.Debug|iPhone.ActiveCfg = Debug|x86
		{6AA29AA1-B613-46F1-83BE-25F6C610AB44}.Debug|iPhone.Build.0 = Debug|x86
		{6AA29AA1-B613-46F1-83BE-25F6C610AB44}.Debug|iPhone.Deploy.0 = Debug|x86
		{6AA29AA1-B613-46F1-83BE-25F6C610AB44}.Debug|iPhoneSimulator.ActiveCfg = Debug|x86
		{6AA29AA1-B613-46F1-83BE-25F6C610AB44}.Debug|iPhoneSimulator.Build.0 = Debug|x86
		{6AA29AA1-B613-46F1-83BE-25F6C610AB44}.Debug|iPhoneSimulator.Deploy.0 = Debug|x86
		{6AA29AA1-B613-46F1-83BE-25F6C610AB44}.Debug|x64.ActiveCfg = Debug|x64
		{6AA29AA1-B613-46F1-83BE-25F6C610AB44}.Debug|x64.Build.0 = Debug|x64
		{6AA29AA1-B613-46F1-83BE-25F6C610AB44}.Debug|x64.Deploy.0 = Debug|x64
		{6AA29AA1-B613-46F1-83BE-25F6C610AB44}.Debug|x86.ActiveCfg = Debug|x86
		{6AA29AA1-B613-46F1-83BE-25F6C610AB44}.Debug|x86.Build.0 = Debug|x86
		{6AA29AA1-B613-46F1-83BE-25F6C610AB44}.Debug|x86.Deploy.0 = Debug|x86
		{6AA29AA1-B613-46F1-83BE-25F6C610AB44}.Release|Any CPU.ActiveCfg = Release|x86
		{6AA29AA1-B613-46F1-83BE-25F6C610AB44}.Release|Any CPU.Build.0 = Release|x86
		{6AA29AA1-B613-46F1-83BE-25F6C610AB44}.Release|Any CPU.Deploy.0 = Release|x86
		{6AA29AA1-B613-46F1-83BE-25F6C610AB44}.Release|ARM.ActiveCfg = Release|ARM
		{6AA29AA1-B613-46F1-83BE-25F6C610AB44}.Release|ARM.Build.0 = Release|ARM
		{6AA29AA1-B613-46F1-83BE-25F6C610AB44}.Release|ARM.Deploy.0 = Release|ARM
		{6AA29AA1-B613-46F1-83BE-25F6C610AB44}.Release|iPhone.ActiveCfg = Release|x86
		{6AA29AA1-B613-46F1-83BE-25F6C610AB44}.Release|iPhone.Build.0 = Release|x86
		{6AA29AA1-B613-46F1-83BE-25F6C610AB44}.Release|iPhone.Deploy.0 = Release|x86
		{6AA29AA1-B613-46F1-83BE-25F6C610AB44}.Release|iPhoneSimulator.ActiveCfg = Release|x86
		{6AA29AA1-B613-46F1-83BE-25F6C610AB44}.Release|iPhoneSimulator.Build.0 = Release|x86
		{6AA29AA1-B613-46F1-83BE-25F6C610AB44}.Release|iPhoneSimulator.Deploy.0 = Release|x86
		{6AA29AA1-B613-46F1-83BE-25F6C610AB44}.Release|x64.ActiveCfg = Release|x64
		{6AA29AA1-B613-46F1-83BE-25F6C610AB44}.Release|x64.Build.0 = Release|x64
		{6AA29AA1-B613-46F1-83BE-25F6C610AB44}.Release|x64.Deploy.0 = Release|x64
		{6AA29AA1-B613-46F1-83BE-25F6C610AB44}.Release|x86.ActiveCfg = Release|x86
		{6AA29AA1-B613-46F1-83BE-25F6C610AB44}.Release|x86.Build.0 = Release|x86
		{6AA29AA1-B613-46F1-83BE-25F6C610AB44}.Release|x86.Deploy.0 = Release|x86
		{2B2F17D7-A61D-42B0-A11C-3473053F4E4A}.Debug|Any CPU.ActiveCfg = Debug|Any CPU
		{2B2F17D7-A61D-42B0-A11C-3473053F4E4A}.Debug|Any CPU.Build.0 = Debug|Any CPU
		{2B2F17D7-A61D-42B0-A11C-3473053F4E4A}.Debug|Any CPU.Deploy.0 = Debug|Any CPU
		{2B2F17D7-A61D-42B0-A11C-3473053F4E4A}.Debug|ARM.ActiveCfg = Debug|Any CPU
		{2B2F17D7-A61D-42B0-A11C-3473053F4E4A}.Debug|ARM.Build.0 = Debug|Any CPU
		{2B2F17D7-A61D-42B0-A11C-3473053F4E4A}.Debug|ARM.Deploy.0 = Debug|Any CPU
		{2B2F17D7-A61D-42B0-A11C-3473053F4E4A}.Debug|iPhone.ActiveCfg = Debug|Any CPU
		{2B2F17D7-A61D-42B0-A11C-3473053F4E4A}.Debug|iPhone.Build.0 = Debug|Any CPU
		{2B2F17D7-A61D-42B0-A11C-3473053F4E4A}.Debug|iPhone.Deploy.0 = Debug|Any CPU
		{2B2F17D7-A61D-42B0-A11C-3473053F4E4A}.Debug|iPhoneSimulator.ActiveCfg = Debug|Any CPU
		{2B2F17D7-A61D-42B0-A11C-3473053F4E4A}.Debug|iPhoneSimulator.Build.0 = Debug|Any CPU
		{2B2F17D7-A61D-42B0-A11C-3473053F4E4A}.Debug|iPhoneSimulator.Deploy.0 = Debug|Any CPU
		{2B2F17D7-A61D-42B0-A11C-3473053F4E4A}.Debug|x64.ActiveCfg = Debug|Any CPU
		{2B2F17D7-A61D-42B0-A11C-3473053F4E4A}.Debug|x64.Build.0 = Debug|Any CPU
		{2B2F17D7-A61D-42B0-A11C-3473053F4E4A}.Debug|x64.Deploy.0 = Debug|Any CPU
		{2B2F17D7-A61D-42B0-A11C-3473053F4E4A}.Debug|x86.ActiveCfg = Debug|Any CPU
		{2B2F17D7-A61D-42B0-A11C-3473053F4E4A}.Debug|x86.Build.0 = Debug|Any CPU
		{2B2F17D7-A61D-42B0-A11C-3473053F4E4A}.Debug|x86.Deploy.0 = Debug|Any CPU
		{2B2F17D7-A61D-42B0-A11C-3473053F4E4A}.Release|Any CPU.ActiveCfg = Release|Any CPU
		{2B2F17D7-A61D-42B0-A11C-3473053F4E4A}.Release|Any CPU.Build.0 = Release|Any CPU
		{2B2F17D7-A61D-42B0-A11C-3473053F4E4A}.Release|Any CPU.Deploy.0 = Release|Any CPU
		{2B2F17D7-A61D-42B0-A11C-3473053F4E4A}.Release|ARM.ActiveCfg = Release|Any CPU
		{2B2F17D7-A61D-42B0-A11C-3473053F4E4A}.Release|ARM.Build.0 = Release|Any CPU
		{2B2F17D7-A61D-42B0-A11C-3473053F4E4A}.Release|ARM.Deploy.0 = Release|Any CPU
		{2B2F17D7-A61D-42B0-A11C-3473053F4E4A}.Release|iPhone.ActiveCfg = Release|Any CPU
		{2B2F17D7-A61D-42B0-A11C-3473053F4E4A}.Release|iPhone.Build.0 = Release|Any CPU
		{2B2F17D7-A61D-42B0-A11C-3473053F4E4A}.Release|iPhone.Deploy.0 = Release|Any CPU
		{2B2F17D7-A61D-42B0-A11C-3473053F4E4A}.Release|iPhoneSimulator.ActiveCfg = Release|Any CPU
		{2B2F17D7-A61D-42B0-A11C-3473053F4E4A}.Release|iPhoneSimulator.Build.0 = Release|Any CPU
		{2B2F17D7-A61D-42B0-A11C-3473053F4E4A}.Release|iPhoneSimulator.Deploy.0 = Release|Any CPU
		{2B2F17D7-A61D-42B0-A11C-3473053F4E4A}.Release|x64.ActiveCfg = Release|Any CPU
		{2B2F17D7-A61D-42B0-A11C-3473053F4E4A}.Release|x64.Build.0 = Release|Any CPU
		{2B2F17D7-A61D-42B0-A11C-3473053F4E4A}.Release|x64.Deploy.0 = Release|Any CPU
		{2B2F17D7-A61D-42B0-A11C-3473053F4E4A}.Release|x86.ActiveCfg = Release|Any CPU
		{2B2F17D7-A61D-42B0-A11C-3473053F4E4A}.Release|x86.Build.0 = Release|Any CPU
		{2B2F17D7-A61D-42B0-A11C-3473053F4E4A}.Release|x86.Deploy.0 = Release|Any CPU
		{BB0EB4C7-3466-4DD5-9F79-90F554D4843A}.Debug|Any CPU.ActiveCfg = Debug|iPhone
		{BB0EB4C7-3466-4DD5-9F79-90F554D4843A}.Debug|Any CPU.Build.0 = Debug|iPhone
		{BB0EB4C7-3466-4DD5-9F79-90F554D4843A}.Debug|Any CPU.Deploy.0 = Debug|iPhone
		{BB0EB4C7-3466-4DD5-9F79-90F554D4843A}.Debug|ARM.ActiveCfg = Debug|iPhone
		{BB0EB4C7-3466-4DD5-9F79-90F554D4843A}.Debug|ARM.Build.0 = Debug|iPhone
		{BB0EB4C7-3466-4DD5-9F79-90F554D4843A}.Debug|ARM.Deploy.0 = Debug|iPhone
		{BB0EB4C7-3466-4DD5-9F79-90F554D4843A}.Debug|iPhone.ActiveCfg = Debug|iPhone
		{BB0EB4C7-3466-4DD5-9F79-90F554D4843A}.Debug|iPhone.Build.0 = Debug|iPhone
		{BB0EB4C7-3466-4DD5-9F79-90F554D4843A}.Debug|iPhone.Deploy.0 = Debug|iPhone
		{BB0EB4C7-3466-4DD5-9F79-90F554D4843A}.Debug|iPhoneSimulator.ActiveCfg = Debug|iPhoneSimulator
		{BB0EB4C7-3466-4DD5-9F79-90F554D4843A}.Debug|iPhoneSimulator.Build.0 = Debug|iPhoneSimulator
		{BB0EB4C7-3466-4DD5-9F79-90F554D4843A}.Debug|iPhoneSimulator.Deploy.0 = Debug|iPhoneSimulator
		{BB0EB4C7-3466-4DD5-9F79-90F554D4843A}.Debug|x64.ActiveCfg = Debug|iPhone
		{BB0EB4C7-3466-4DD5-9F79-90F554D4843A}.Debug|x64.Build.0 = Debug|iPhone
		{BB0EB4C7-3466-4DD5-9F79-90F554D4843A}.Debug|x64.Deploy.0 = Debug|iPhone
		{BB0EB4C7-3466-4DD5-9F79-90F554D4843A}.Debug|x86.ActiveCfg = Debug|iPhone
		{BB0EB4C7-3466-4DD5-9F79-90F554D4843A}.Debug|x86.Build.0 = Debug|iPhone
		{BB0EB4C7-3466-4DD5-9F79-90F554D4843A}.Debug|x86.Deploy.0 = Debug|iPhone
		{BB0EB4C7-3466-4DD5-9F79-90F554D4843A}.Release|Any CPU.ActiveCfg = Release|iPhone
		{BB0EB4C7-3466-4DD5-9F79-90F554D4843A}.Release|Any CPU.Build.0 = Release|iPhone
		{BB0EB4C7-3466-4DD5-9F79-90F554D4843A}.Release|Any CPU.Deploy.0 = Release|iPhone
		{BB0EB4C7-3466-4DD5-9F79-90F554D4843A}.Release|ARM.ActiveCfg = Release|iPhone
		{BB0EB4C7-3466-4DD5-9F79-90F554D4843A}.Release|ARM.Build.0 = Release|iPhone
		{BB0EB4C7-3466-4DD5-9F79-90F554D4843A}.Release|ARM.Deploy.0 = Release|iPhone
		{BB0EB4C7-3466-4DD5-9F79-90F554D4843A}.Release|iPhone.ActiveCfg = Release|iPhone
		{BB0EB4C7-3466-4DD5-9F79-90F554D4843A}.Release|iPhone.Build.0 = Release|iPhone
		{BB0EB4C7-3466-4DD5-9F79-90F554D4843A}.Release|iPhone.Deploy.0 = Release|iPhone
		{BB0EB4C7-3466-4DD5-9F79-90F554D4843A}.Release|iPhoneSimulator.ActiveCfg = Release|iPhoneSimulator
		{BB0EB4C7-3466-4DD5-9F79-90F554D4843A}.Release|iPhoneSimulator.Build.0 = Release|iPhoneSimulator
		{BB0EB4C7-3466-4DD5-9F79-90F554D4843A}.Release|iPhoneSimulator.Deploy.0 = Release|iPhoneSimulator
		{BB0EB4C7-3466-4DD5-9F79-90F554D4843A}.Release|x64.ActiveCfg = Release|iPhone
		{BB0EB4C7-3466-4DD5-9F79-90F554D4843A}.Release|x64.Build.0 = Release|iPhone
		{BB0EB4C7-3466-4DD5-9F79-90F554D4843A}.Release|x64.Deploy.0 = Release|iPhone
		{BB0EB4C7-3466-4DD5-9F79-90F554D4843A}.Release|x86.ActiveCfg = Release|iPhone
		{BB0EB4C7-3466-4DD5-9F79-90F554D4843A}.Release|x86.Build.0 = Release|iPhone
		{BB0EB4C7-3466-4DD5-9F79-90F554D4843A}.Release|x86.Deploy.0 = Release|iPhone
		{A42CB3A7-68AD-4968-82D5-71109F1F57B7}.Debug|Any CPU.ActiveCfg = Debug|Any CPU
		{A42CB3A7-68AD-4968-82D5-71109F1F57B7}.Debug|Any CPU.Build.0 = Debug|Any CPU
		{A42CB3A7-68AD-4968-82D5-71109F1F57B7}.Debug|Any CPU.Deploy.0 = Debug|Any CPU
		{A42CB3A7-68AD-4968-82D5-71109F1F57B7}.Debug|ARM.ActiveCfg = Debug|Any CPU
		{A42CB3A7-68AD-4968-82D5-71109F1F57B7}.Debug|ARM.Build.0 = Debug|Any CPU
		{A42CB3A7-68AD-4968-82D5-71109F1F57B7}.Debug|ARM.Deploy.0 = Debug|Any CPU
		{A42CB3A7-68AD-4968-82D5-71109F1F57B7}.Debug|iPhone.ActiveCfg = Debug|Any CPU
		{A42CB3A7-68AD-4968-82D5-71109F1F57B7}.Debug|iPhone.Build.0 = Debug|Any CPU
		{A42CB3A7-68AD-4968-82D5-71109F1F57B7}.Debug|iPhone.Deploy.0 = Debug|Any CPU
		{A42CB3A7-68AD-4968-82D5-71109F1F57B7}.Debug|iPhoneSimulator.ActiveCfg = Debug|Any CPU
		{A42CB3A7-68AD-4968-82D5-71109F1F57B7}.Debug|iPhoneSimulator.Build.0 = Debug|Any CPU
		{A42CB3A7-68AD-4968-82D5-71109F1F57B7}.Debug|iPhoneSimulator.Deploy.0 = Debug|Any CPU
		{A42CB3A7-68AD-4968-82D5-71109F1F57B7}.Debug|x64.ActiveCfg = Debug|Any CPU
		{A42CB3A7-68AD-4968-82D5-71109F1F57B7}.Debug|x64.Build.0 = Debug|Any CPU
		{A42CB3A7-68AD-4968-82D5-71109F1F57B7}.Debug|x64.Deploy.0 = Debug|Any CPU
		{A42CB3A7-68AD-4968-82D5-71109F1F57B7}.Debug|x86.ActiveCfg = Debug|Any CPU
		{A42CB3A7-68AD-4968-82D5-71109F1F57B7}.Debug|x86.Build.0 = Debug|Any CPU
		{A42CB3A7-68AD-4968-82D5-71109F1F57B7}.Debug|x86.Deploy.0 = Debug|Any CPU
		{A42CB3A7-68AD-4968-82D5-71109F1F57B7}.Release|Any CPU.ActiveCfg = Release|Any CPU
		{A42CB3A7-68AD-4968-82D5-71109F1F57B7}.Release|Any CPU.Build.0 = Release|Any CPU
		{A42CB3A7-68AD-4968-82D5-71109F1F57B7}.Release|Any CPU.Deploy.0 = Release|Any CPU
		{A42CB3A7-68AD-4968-82D5-71109F1F57B7}.Release|ARM.ActiveCfg = Release|Any CPU
		{A42CB3A7-68AD-4968-82D5-71109F1F57B7}.Release|ARM.Build.0 = Release|Any CPU
		{A42CB3A7-68AD-4968-82D5-71109F1F57B7}.Release|ARM.Deploy.0 = Release|Any CPU
		{A42CB3A7-68AD-4968-82D5-71109F1F57B7}.Release|iPhone.ActiveCfg = Release|Any CPU
		{A42CB3A7-68AD-4968-82D5-71109F1F57B7}.Release|iPhone.Build.0 = Release|Any CPU
		{A42CB3A7-68AD-4968-82D5-71109F1F57B7}.Release|iPhone.Deploy.0 = Release|Any CPU
		{A42CB3A7-68AD-4968-82D5-71109F1F57B7}.Release|iPhoneSimulator.ActiveCfg = Release|Any CPU
		{A42CB3A7-68AD-4968-82D5-71109F1F57B7}.Release|iPhoneSimulator.Build.0 = Release|Any CPU
		{A42CB3A7-68AD-4968-82D5-71109F1F57B7}.Release|iPhoneSimulator.Deploy.0 = Release|Any CPU
		{A42CB3A7-68AD-4968-82D5-71109F1F57B7}.Release|x64.ActiveCfg = Release|Any CPU
		{A42CB3A7-68AD-4968-82D5-71109F1F57B7}.Release|x64.Build.0 = Release|Any CPU
		{A42CB3A7-68AD-4968-82D5-71109F1F57B7}.Release|x64.Deploy.0 = Release|Any CPU
		{A42CB3A7-68AD-4968-82D5-71109F1F57B7}.Release|x86.ActiveCfg = Release|Any CPU
		{A42CB3A7-68AD-4968-82D5-71109F1F57B7}.Release|x86.Build.0 = Release|Any CPU
		{A42CB3A7-68AD-4968-82D5-71109F1F57B7}.Release|x86.Deploy.0 = Release|Any CPU
		{06EF9392-285C-44B7-9046-C1171DED485A}.Debug|Any CPU.ActiveCfg = Debug|Any CPU
		{06EF9392-285C-44B7-9046-C1171DED485A}.Debug|Any CPU.Build.0 = Debug|Any CPU
		{06EF9392-285C-44B7-9046-C1171DED485A}.Debug|ARM.ActiveCfg = Debug|Any CPU
		{06EF9392-285C-44B7-9046-C1171DED485A}.Debug|ARM.Build.0 = Debug|Any CPU
		{06EF9392-285C-44B7-9046-C1171DED485A}.Debug|iPhone.ActiveCfg = Debug|Any CPU
		{06EF9392-285C-44B7-9046-C1171DED485A}.Debug|iPhone.Build.0 = Debug|Any CPU
		{06EF9392-285C-44B7-9046-C1171DED485A}.Debug|iPhoneSimulator.ActiveCfg = Debug|Any CPU
		{06EF9392-285C-44B7-9046-C1171DED485A}.Debug|iPhoneSimulator.Build.0 = Debug|Any CPU
		{06EF9392-285C-44B7-9046-C1171DED485A}.Debug|x64.ActiveCfg = Debug|Any CPU
		{06EF9392-285C-44B7-9046-C1171DED485A}.Debug|x64.Build.0 = Debug|Any CPU
		{06EF9392-285C-44B7-9046-C1171DED485A}.Debug|x86.ActiveCfg = Debug|Any CPU
		{06EF9392-285C-44B7-9046-C1171DED485A}.Debug|x86.Build.0 = Debug|Any CPU
		{06EF9392-285C-44B7-9046-C1171DED485A}.Release|Any CPU.ActiveCfg = Release|Any CPU
		{06EF9392-285C-44B7-9046-C1171DED485A}.Release|Any CPU.Build.0 = Release|Any CPU
		{06EF9392-285C-44B7-9046-C1171DED485A}.Release|ARM.ActiveCfg = Release|Any CPU
		{06EF9392-285C-44B7-9046-C1171DED485A}.Release|ARM.Build.0 = Release|Any CPU
		{06EF9392-285C-44B7-9046-C1171DED485A}.Release|iPhone.ActiveCfg = Release|Any CPU
		{06EF9392-285C-44B7-9046-C1171DED485A}.Release|iPhone.Build.0 = Release|Any CPU
		{06EF9392-285C-44B7-9046-C1171DED485A}.Release|iPhoneSimulator.ActiveCfg = Release|Any CPU
		{06EF9392-285C-44B7-9046-C1171DED485A}.Release|iPhoneSimulator.Build.0 = Release|Any CPU
		{06EF9392-285C-44B7-9046-C1171DED485A}.Release|x64.ActiveCfg = Release|Any CPU
		{06EF9392-285C-44B7-9046-C1171DED485A}.Release|x64.Build.0 = Release|Any CPU
		{06EF9392-285C-44B7-9046-C1171DED485A}.Release|x86.ActiveCfg = Release|Any CPU
		{06EF9392-285C-44B7-9046-C1171DED485A}.Release|x86.Build.0 = Release|Any CPU
		{EE82E495-26E5-4793-BDD1-1EDF10A099E3}.Debug|Any CPU.ActiveCfg = Debug|Any CPU
		{EE82E495-26E5-4793-BDD1-1EDF10A099E3}.Debug|Any CPU.Build.0 = Debug|Any CPU
		{EE82E495-26E5-4793-BDD1-1EDF10A099E3}.Debug|ARM.ActiveCfg = Debug|Any CPU
		{EE82E495-26E5-4793-BDD1-1EDF10A099E3}.Debug|ARM.Build.0 = Debug|Any CPU
		{EE82E495-26E5-4793-BDD1-1EDF10A099E3}.Debug|iPhone.ActiveCfg = Debug|Any CPU
		{EE82E495-26E5-4793-BDD1-1EDF10A099E3}.Debug|iPhone.Build.0 = Debug|Any CPU
		{EE82E495-26E5-4793-BDD1-1EDF10A099E3}.Debug|iPhoneSimulator.ActiveCfg = Debug|Any CPU
		{EE82E495-26E5-4793-BDD1-1EDF10A099E3}.Debug|iPhoneSimulator.Build.0 = Debug|Any CPU
		{EE82E495-26E5-4793-BDD1-1EDF10A099E3}.Debug|x64.ActiveCfg = Debug|Any CPU
		{EE82E495-26E5-4793-BDD1-1EDF10A099E3}.Debug|x64.Build.0 = Debug|Any CPU
		{EE82E495-26E5-4793-BDD1-1EDF10A099E3}.Debug|x86.ActiveCfg = Debug|Any CPU
		{EE82E495-26E5-4793-BDD1-1EDF10A099E3}.Debug|x86.Build.0 = Debug|Any CPU
		{EE82E495-26E5-4793-BDD1-1EDF10A099E3}.Release|Any CPU.ActiveCfg = Release|Any CPU
		{EE82E495-26E5-4793-BDD1-1EDF10A099E3}.Release|Any CPU.Build.0 = Release|Any CPU
		{EE82E495-26E5-4793-BDD1-1EDF10A099E3}.Release|ARM.ActiveCfg = Release|Any CPU
		{EE82E495-26E5-4793-BDD1-1EDF10A099E3}.Release|ARM.Build.0 = Release|Any CPU
		{EE82E495-26E5-4793-BDD1-1EDF10A099E3}.Release|iPhone.ActiveCfg = Release|Any CPU
		{EE82E495-26E5-4793-BDD1-1EDF10A099E3}.Release|iPhone.Build.0 = Release|Any CPU
		{EE82E495-26E5-4793-BDD1-1EDF10A099E3}.Release|iPhoneSimulator.ActiveCfg = Release|Any CPU
		{EE82E495-26E5-4793-BDD1-1EDF10A099E3}.Release|iPhoneSimulator.Build.0 = Release|Any CPU
		{EE82E495-26E5-4793-BDD1-1EDF10A099E3}.Release|x64.ActiveCfg = Release|Any CPU
		{EE82E495-26E5-4793-BDD1-1EDF10A099E3}.Release|x64.Build.0 = Release|Any CPU
		{EE82E495-26E5-4793-BDD1-1EDF10A099E3}.Release|x86.ActiveCfg = Release|Any CPU
		{EE82E495-26E5-4793-BDD1-1EDF10A099E3}.Release|x86.Build.0 = Release|Any CPU
	EndGlobalSection
	GlobalSection(SolutionProperties) = preSolution
		HideSolutionNode = FALSE
	EndGlobalSection
	GlobalSection(ExtensibilityGlobals) = postSolution
		SolutionGuid = {32DEE620-200F-4D1E-8040-759C920F8231}
	EndGlobalSection
EndGlobal
